{
  "version": 4,
  "terraform_version": "0.12.24",
  "serial": 9,
  "lineage": "f59480eb-7328-2687-0128-ce689ce69bc9",
  "outputs": {},
  "resources": [
    {
      "module": "module.storage",
      "mode": "managed",
      "type": "oci_objectstorage_bucket",
      "name": "oci_bucket",
      "provider": "provider.oci",
      "instances": [
        {
          "schema_version": 0,
          "attributes": {
            "access_type": "NoPublicAccess",
            "approximate_count": "0",
            "approximate_size": "0",
            "bucket_id": "ocid1.bucket.oc1.eu-frankfurt-1.aaaaaaaa4dv6hv65l3bkfnkyy5fat5n4ih2ygjmhf2inkrdbhqnne3qxiiea",
            "compartment_id": "ocid1.compartment.oc1..aaaaaaaaykayjxz5y2z6pbxk2zxxv4b6ng2rloamriyiai6fc2nn2jbfmqfq",
            "created_by": "ocid1.user.oc1..aaaaaaaa2oq4yo6dgjtx5n3jkuh3rm6fvjwk7ysws4xddoh7zm73lfom2aqq",
            "defined_tags": {
              "Oracle-Tags.CreatedBy": "oracleidentitycloudservice/mateusz.maly@oracle.com",
              "Oracle-Tags.CreatedOn": "2020-05-03T19:12:24.439Z",
              "SENamespace.DTCreator": "oracleidentitycloudservice/mateusz.maly@oracle.com"
            },
            "etag": "7ff884e8-29a4-4ebd-8b6c-1c402a0e3349",
            "freeform_tags": {},
            "id": "n/cloudstarscee/b/tf_bucket-31928",
            "is_read_only": false,
            "kms_key_id": null,
            "metadata": null,
            "name": "tf_bucket-31928",
            "namespace": "cloudstarscee",
            "object_events_enabled": false,
            "object_lifecycle_policy_etag": null,
            "replication_enabled": false,
            "retention_rules": [],
            "storage_tier": "Standard",
            "time_created": "2020-05-03 19:12:24.448 +0000 UTC",
            "timeouts": null,
            "versioning": "Disabled"
          },
          "private": "eyJlMmJmYjczMC1lY2FhLTExZTYtOGY4OC0zNDM2M2JjN2M0YzAiOnsiY3JlYXRlIjo5MDAwMDAwMDAwMDAsImRlbGV0ZSI6OTAwMDAwMDAwMDAwLCJ1cGRhdGUiOjkwMDAwMDAwMDAwMH19",
          "dependencies": [
            "module.storage.random_id.tf_bucket_id"
          ]
        }
      ]
    },
    {
      "module": "module.storage",
      "mode": "managed",
      "type": "random_id",
      "name": "tf_bucket_id",
      "provider": "provider.random",
      "instances": [
        {
          "schema_version": 0,
          "attributes": {
            "b64": "fLg",
            "b64_std": "fLg=",
            "b64_url": "fLg",
            "byte_length": 2,
            "dec": "31928",
            "hex": "7cb8",
            "id": "fLg",
            "keepers": null,
            "prefix": null
          },
          "private": "bnVsbA=="
        }
      ]
    }
  ]
}
