{
  "version": 4,
  "terraform_version": "0.12.24",
  "serial": 3,
  "lineage": "6f12d191-3615-4796-4b9f-440f7589c2a5",
  "outputs": {
    "bucketname": {
      "value": "n/cloudstarscee/b/tf-bucket-3351",
      "type": "string"
    }
  },
  "resources": [
    {
      "mode": "managed",
      "type": "oci_objectstorage_bucket",
      "name": "oci_bucket",
      "provider": "provider.oci",
      "instances": [
        {
          "schema_version": 0,
          "attributes": {
            "access_type": "NoPublicAccess",
            "approximate_count": "0",
            "approximate_size": "0",
            "bucket_id": "ocid1.bucket.oc1.eu-frankfurt-1.aaaaaaaaumh4di6vd7gbjsd6x2nbofmxcsu6s2y4s5nosjf5bvlhxju6rjga",
            "compartment_id": "ocid1.compartment.oc1..aaaaaaaaykayjxz5y2z6pbxk2zxxv4b6ng2rloamriyiai6fc2nn2jbfmqfq",
            "created_by": "ocid1.user.oc1..aaaaaaaa2oq4yo6dgjtx5n3jkuh3rm6fvjwk7ysws4xddoh7zm73lfom2aqq",
            "defined_tags": {
              "Oracle-Tags.CreatedBy": "oracleidentitycloudservice/mateusz.maly@oracle.com",
              "Oracle-Tags.CreatedOn": "2020-05-03T18:07:15.188Z",
              "SENamespace.DTCreator": "oracleidentitycloudservice/mateusz.maly@oracle.com"
            },
            "etag": "8c7dde87-8b6a-4c57-a145-0bd28d9b1600",
            "freeform_tags": {},
            "id": "n/cloudstarscee/b/tf-bucket-3351",
            "is_read_only": false,
            "kms_key_id": null,
            "metadata": null,
            "name": "tf-bucket-3351",
            "namespace": "cloudstarscee",
            "object_events_enabled": false,
            "object_lifecycle_policy_etag": null,
            "replication_enabled": false,
            "retention_rules": [],
            "storage_tier": "Standard",
            "time_created": "2020-05-03 18:07:15.195 +0000 UTC",
            "timeouts": null,
            "versioning": "Disabled"
          },
          "private": "eyJlMmJmYjczMC1lY2FhLTExZTYtOGY4OC0zNDM2M2JjN2M0YzAiOnsiY3JlYXRlIjo5MDAwMDAwMDAwMDAsImRlbGV0ZSI6OTAwMDAwMDAwMDAwLCJ1cGRhdGUiOjkwMDAwMDAwMDAwMH19",
          "dependencies": [
            "random_id.tf_bucket_id"
          ]
        }
      ]
    },
    {
      "mode": "managed",
      "type": "random_id",
      "name": "tf_bucket_id",
      "provider": "provider.random",
      "instances": [
        {
          "schema_version": 0,
          "attributes": {
            "b64": "DRc",
            "b64_std": "DRc=",
            "b64_url": "DRc",
            "byte_length": 2,
            "dec": "3351",
            "hex": "0d17",
            "id": "DRc",
            "keepers": null,
            "prefix": null
          },
          "private": "bnVsbA=="
        }
      ]
    }
  ]
}
